
Microsoft Visual Studio Solution File, Format Version 12.00
# Visual Studio Version 18
VisualStudioVersion = 18.0.11222.15 d18.0
MinimumVisualStudioVersion = 10.0.40219.1
Project("{FAE04EC0-301F-11D3-BF4B-00C04F79EFBC}") = "PulperiaSystem.Models", "PulperiaSystem.Models\PulperiaSystem.Models.csproj", "{73F84FBB-3718-40EF-8E0C-C2149105EB36}"
EndProject
Project("{FAE04EC0-301F-11D3-BF4B-00C04F79EFBC}") = "PulperiaSystem.DataAccess", "PulperiaSystem.DataAccess\PulperiaSystem.DataAccess.csproj", "{D20AD2DF-9449-4FF7-B70F-FB3CB51DE173}"
EndProject
Project("{FAE04EC0-301F-11D3-BF4B-00C04F79EFBC}") = "PulperiaSystem.ConsoleUI", "PulperiaSystem.ConsoleUI\PulperiaSystem.ConsoleUI.csproj", "{5C3E436F-7E4A-4B9E-96B6-3C8D2F689918}"
EndProject
Project("{FAE04EC0-301F-11D3-BF4B-00C04F79EFBC}") = "PulperiaSystem.UI", "PulperiaSystem.UI\PulperiaSystem.UI.csproj", "{5E0F8D94-49E2-4E4D-B8A8-FA95FD3B5693}"
EndProject
Global
	GlobalSection(SolutionConfigurationPlatforms) = preSolution
		Debug|Any CPU = Debug|Any CPU
		Release|Any CPU = Release|Any CPU
	EndGlobalSection
	GlobalSection(ProjectConfigurationPlatforms) = postSolution
		{73F84FBB-3718-40EF-8E0C-C2149105EB36}.Debug|Any CPU.ActiveCfg = Debug|Any CPU
		{73F84FBB-3718-40EF-8E0C-C2149105EB36}.Debug|Any CPU.Build.0 = Debug|Any CPU
		{73F84FBB-3718-40EF-8E0C-C2149105EB36}.Release|Any CPU.ActiveCfg = Release|Any CPU
		{73F84FBB-3718-40EF-8E0C-C2149105EB36}.Release|Any CPU.Build.0 = Release|Any CPU
		{D20AD2DF-9449-4FF7-B70F-FB3CB51DE173}.Debug|Any CPU.ActiveCfg = Debug|Any CPU
		{D20AD2DF-9449-4FF7-B70F-FB3CB51DE173}.Debug|Any CPU.Build.0 = Debug|Any CPU
		{D20AD2DF-9449-4FF7-B70F-FB3CB51DE173}.Release|Any CPU.ActiveCfg = Release|Any CPU
		{D20AD2DF-9449-4FF7-B70F-FB3CB51DE173}.Release|Any CPU.Build.0 = Release|Any CPU
		{5C3E436F-7E4A-4B9E-96B6-3C8D2F689918}.Debug|Any CPU.ActiveCfg = Debug|Any CPU
		{5C3E436F-7E4A-4B9E-96B6-3C8D2F689918}.Debug|Any CPU.Build.0 = Debug|Any CPU
		{5C3E436F-7E4A-4B9E-96B6-3C8D2F689918}.Release|Any CPU.ActiveCfg = Release|Any CPU
		{5C3E436F-7E4A-4B9E-96B6-3C8D2F689918}.Release|Any CPU.Build.0 = Release|Any CPU
		{5E0F8D94-49E2-4E4D-B8A8-FA95FD3B5693}.Debug|Any CPU.ActiveCfg = Debug|Any CPU
		{5E0F8D94-49E2-4E4D-B8A8-FA95FD3B5693}.Debug|Any CPU.Build.0 = Debug|Any CPU
		{5E0F8D94-49E2-4E4D-B8A8-FA95FD3B5693}.Release|Any CPU.ActiveCfg = Release|Any CPU
		{5E0F8D94-49E2-4E4D-B8A8-FA95FD3B5693}.Release|Any CPU.Build.0 = Release|Any CPU
	EndGlobalSection
	GlobalSection(SolutionProperties) = preSolution
		HideSolutionNode = FALSE
	EndGlobalSection
	GlobalSection(ExtensibilityGlobals) = postSolution
		SolutionGuid = {B9B1EE73-0A2E-4DB0-96F4-ACCFE7B13781}
	EndGlobalSection
EndGlobal
